
Microsoft Visual Studio Solution File, Format Version 12.00
Project("{FAE04EC0-301F-11D3-BF4B-00C04F79EFBC}") = "EjercicioDiagrama", "EjercicioDiagrama\EjercicioDiagrama.csproj", "{AFAE42B8-C615-48A3-9723-E4923C7011BA}"
EndProject
Global
	GlobalSection(SolutionConfigurationPlatforms) = preSolution
		Debug|Any CPU = Debug|Any CPU
		Release|Any CPU = Release|Any CPU
	EndGlobalSection
	GlobalSection(ProjectConfigurationPlatforms) = postSolution
		{AFAE42B8-C615-48A3-9723-E4923C7011BA}.Debug|Any CPU.ActiveCfg = Debug|Any CPU
		{AFAE42B8-C615-48A3-9723-E4923C7011BA}.Debug|Any CPU.Build.0 = Debug|Any CPU
		{AFAE42B8-C615-48A3-9723-E4923C7011BA}.Release|Any CPU.ActiveCfg = Release|Any CPU
		{AFAE42B8-C615-48A3-9723-E4923C7011BA}.Release|Any CPU.Build.0 = Release|Any CPU
	EndGlobalSection
EndGlobal
