
Microsoft Visual Studio Solution File, Format Version 12.00
Project("{FAE04EC0-301F-11D3-BF4B-00C04F79EFBC}") = "Lab", "Lab\Lab.csproj", "{AA8B7A4A-DB9D-43B7-9EDF-3BA6FC1E450A}"
EndProject
Global
	GlobalSection(SolutionConfigurationPlatforms) = preSolution
		Debug|Any CPU = Debug|Any CPU
		Release|Any CPU = Release|Any CPU
	EndGlobalSection
	GlobalSection(ProjectConfigurationPlatforms) = postSolution
		{AA8B7A4A-DB9D-43B7-9EDF-3BA6FC1E450A}.Debug|Any CPU.ActiveCfg = Debug|Any CPU
		{AA8B7A4A-DB9D-43B7-9EDF-3BA6FC1E450A}.Debug|Any CPU.Build.0 = Debug|Any CPU
		{AA8B7A4A-DB9D-43B7-9EDF-3BA6FC1E450A}.Release|Any CPU.ActiveCfg = Release|Any CPU
		{AA8B7A4A-DB9D-43B7-9EDF-3BA6FC1E450A}.Release|Any CPU.Build.0 = Release|Any CPU
	EndGlobalSection
EndGlobal
