
Microsoft Visual Studio Solution File, Format Version 12.00
Project("{FAE04EC0-301F-11D3-BF4B-00C04F79EFBC}") = "Arreglos 1", "Arreglos 1\Arreglos 1.csproj", "{E31FCF2C-A219-4D4D-9FEE-91FAB609272C}"
EndProject
Global
	GlobalSection(SolutionConfigurationPlatforms) = preSolution
		Debug|Any CPU = Debug|Any CPU
		Release|Any CPU = Release|Any CPU
	EndGlobalSection
	GlobalSection(ProjectConfigurationPlatforms) = postSolution
		{E31FCF2C-A219-4D4D-9FEE-91FAB609272C}.Debug|Any CPU.ActiveCfg = Debug|Any CPU
		{E31FCF2C-A219-4D4D-9FEE-91FAB609272C}.Debug|Any CPU.Build.0 = Debug|Any CPU
		{E31FCF2C-A219-4D4D-9FEE-91FAB609272C}.Release|Any CPU.ActiveCfg = Release|Any CPU
		{E31FCF2C-A219-4D4D-9FEE-91FAB609272C}.Release|Any CPU.Build.0 = Release|Any CPU
	EndGlobalSection
EndGlobal
