
Microsoft Visual Studio Solution File, Format Version 12.00
Project("{FAE04EC0-301F-11D3-BF4B-00C04F79EFBC}") = "Laboratorio2", "Laboratorio2\Laboratorio2.csproj", "{946A2562-7139-4A18-8C9E-65537BC485FD}"
EndProject
Global
	GlobalSection(SolutionConfigurationPlatforms) = preSolution
		Debug|Any CPU = Debug|Any CPU
		Release|Any CPU = Release|Any CPU
	EndGlobalSection
	GlobalSection(ProjectConfigurationPlatforms) = postSolution
		{946A2562-7139-4A18-8C9E-65537BC485FD}.Debug|Any CPU.ActiveCfg = Debug|Any CPU
		{946A2562-7139-4A18-8C9E-65537BC485FD}.Debug|Any CPU.Build.0 = Debug|Any CPU
		{946A2562-7139-4A18-8C9E-65537BC485FD}.Release|Any CPU.ActiveCfg = Release|Any CPU
		{946A2562-7139-4A18-8C9E-65537BC485FD}.Release|Any CPU.Build.0 = Release|Any CPU
	EndGlobalSection
EndGlobal
